
Microsoft Visual Studio Solution File, Format Version 12.00
# Visual Studio Version 17
VisualStudioVersion = 17.3.32929.385
MinimumVisualStudioVersion = 10.0.40219.1
Project("{FAE04EC0-301F-11D3-BF4B-00C04F79EFBC}") = "PrototipoVentanas", "PrototipoVentanas\PrototipoVentanas.csproj", "{8EBF0D99-5BA4-48A7-943E-C806B30977E6}"
EndProject
Global
	GlobalSection(SolutionConfigurationPlatforms) = preSolution
		Debug|Any CPU = Debug|Any CPU
		Release|Any CPU = Release|Any CPU
	EndGlobalSection
	GlobalSection(ProjectConfigurationPlatforms) = postSolution
		{8EBF0D99-5BA4-48A7-943E-C806B30977E6}.Debug|Any CPU.ActiveCfg = Debug|Any CPU
		{8EBF0D99-5BA4-48A7-943E-C806B30977E6}.Debug|Any CPU.Build.0 = Debug|Any CPU
		{8EBF0D99-5BA4-48A7-943E-C806B30977E6}.Release|Any CPU.ActiveCfg = Release|Any CPU
		{8EBF0D99-5BA4-48A7-943E-C806B30977E6}.Release|Any CPU.Build.0 = Release|Any CPU
	EndGlobalSection
	GlobalSection(SolutionProperties) = preSolution
		HideSolutionNode = FALSE
	EndGlobalSection
	GlobalSection(ExtensibilityGlobals) = postSolution
		SolutionGuid = {A006EC3C-A01A-445E-B0D3-706F7283ED92}
	EndGlobalSection
EndGlobal
